
Microsoft Visual Studio Solution File, Format Version 12.00
# Visual Studio Version 17
VisualStudioVersion = 17.14.36414.22 d17.14
MinimumVisualStudioVersion = 10.0.40219.1
Project("{FAE04EC0-301F-11D3-BF4B-00C04F79EFBC}") = "Terminal_v0.0", "Terminal_v0.0\Terminal_v0.0.csproj", "{FFA392F1-E910-493D-94B5-CEA436F3177B}"
EndProject
Global
	GlobalSection(SolutionConfigurationPlatforms) = preSolution
		Debug|Any CPU = Debug|Any CPU
		Release|Any CPU = Release|Any CPU
	EndGlobalSection
	GlobalSection(ProjectConfigurationPlatforms) = postSolution
		{FFA392F1-E910-493D-94B5-CEA436F3177B}.Debug|Any CPU.ActiveCfg = Debug|Any CPU
		{FFA392F1-E910-493D-94B5-CEA436F3177B}.Debug|Any CPU.Build.0 = Debug|Any CPU
		{FFA392F1-E910-493D-94B5-CEA436F3177B}.Release|Any CPU.ActiveCfg = Release|Any CPU
		{FFA392F1-E910-493D-94B5-CEA436F3177B}.Release|Any CPU.Build.0 = Release|Any CPU
	EndGlobalSection
	GlobalSection(SolutionProperties) = preSolution
		HideSolutionNode = FALSE
	EndGlobalSection
	GlobalSection(ExtensibilityGlobals) = postSolution
		SolutionGuid = {1C8309E4-569C-4329-94D3-1FE733DD6940}
	EndGlobalSection
EndGlobal
